// !$*UTF8*$!
{
	archiveVersion = 1;
	classes = {
	};
	objectVersion = 50;
	objects = {

/* Begin PBXBuildFile section */
		2232B64C233F6C1800358B05 /* TOFileSystemNotificationToken.m in Sources */ = {isa = PBXBuildFile; fileRef = 2232B64B233F6C1800358B05 /* TOFileSystemNotificationToken.m */; };
		223A893D233F13CA008FFE1A /* TOAppDelegate.m in Sources */ = {isa = PBXBuildFile; fileRef = 223A893C233F13CA008FFE1A /* TOAppDelegate.m */; };
		223A8943233F13CA008FFE1A /* TOViewController.m in Sources */ = {isa = PBXBuildFile; fileRef = 223A8942233F13CA008FFE1A /* TOViewController.m */; };
		223A8948233F13CA008FFE1A /* Assets.xcassets in Resources */ = {isa = PBXBuildFile; fileRef = 223A8947233F13CA008FFE1A /* Assets.xcassets */; };
		223A894B233F13CA008FFE1A /* LaunchScreen.storyboard in Resources */ = {isa = PBXBuildFile; fileRef = 223A8949233F13CA008FFE1A /* LaunchScreen.storyboard */; };
		223A894E233F13CA008FFE1A /* main.m in Sources */ = {isa = PBXBuildFile; fileRef = 223A894D233F13CA008FFE1A /* main.m */; };
		223A8957233F4AB0008FFE1A /* TOFileSystemObserver.m in Sources */ = {isa = PBXBuildFile; fileRef = 223A8956233F4AB0008FFE1A /* TOFileSystemObserver.m */; };
		22498E5923BF030C00D0C345 /* NSURL+TOFileSystemAttributes.m in Sources */ = {isa = PBXBuildFile; fileRef = 22498E5823BF030C00D0C345 /* NSURL+TOFileSystemAttributes.m */; };
		2254ED2A2340588F00331B47 /* TOFileSystemPath.m in Sources */ = {isa = PBXBuildFile; fileRef = 2254ED292340588F00331B47 /* TOFileSystemPath.m */; };
		2254ED2E2340F04800331B47 /* TOFileSystemScanOperation.m in Sources */ = {isa = PBXBuildFile; fileRef = 2254ED2D2340F04800331B47 /* TOFileSystemScanOperation.m */; };
		2254ED3C2341060000331B47 /* NSURL+TOFileSystemUUID.m in Sources */ = {isa = PBXBuildFile; fileRef = 2254ED3A2341060000331B47 /* NSURL+TOFileSystemUUID.m */; };
		22838BA623CF65F700CBE2FE /* TOFileSystemChanges.m in Sources */ = {isa = PBXBuildFile; fileRef = 22838BA523CF65F700CBE2FE /* TOFileSystemChanges.m */; };
		22925B3F23D2991E00FC166C /* NSURL+TOFileSystemUUID.m in Sources */ = {isa = PBXBuildFile; fileRef = 2254ED3A2341060000331B47 /* NSURL+TOFileSystemUUID.m */; };
		22925B4123D35E4600FC166C /* TOFileSystemFileAttributesTest.m in Sources */ = {isa = PBXBuildFile; fileRef = 22925B4023D35E4600FC166C /* TOFileSystemFileAttributesTest.m */; };
		22925B4223D3613100FC166C /* NSURL+TOFileSystemAttributes.m in Sources */ = {isa = PBXBuildFile; fileRef = 22498E5823BF030C00D0C345 /* NSURL+TOFileSystemAttributes.m */; };
		22925B4423D36D0000FC166C /* TOFileSystemEnumeratorTests.m in Sources */ = {isa = PBXBuildFile; fileRef = 22925B4323D36D0000FC166C /* TOFileSystemEnumeratorTests.m */; };
		22925B4523D36D0D00FC166C /* NSFileManager+TOFileSystemDirectoryEnumerator.m in Sources */ = {isa = PBXBuildFile; fileRef = 22ADAEBF237AC95F0088D31E /* NSFileManager+TOFileSystemDirectoryEnumerator.m */; };
		229E0BA823C8503C0019937C /* TOFileSystemItemListChanges.m in Sources */ = {isa = PBXBuildFile; fileRef = 229E0BA723C8503C0019937C /* TOFileSystemItemListChanges.m */; };
		22ADAEBC237815DA0088D31E /* TOFileSystemItemList.m in Sources */ = {isa = PBXBuildFile; fileRef = 22ADAEBB237815DA0088D31E /* TOFileSystemItemList.m */; };
		22ADAEBD2378177F0088D31E /* TOFileSystemItem.m in Sources */ = {isa = PBXBuildFile; fileRef = 223A895A233F4B3B008FFE1A /* TOFileSystemItem.m */; };
		22ADAEC0237AC95F0088D31E /* NSFileManager+TOFileSystemDirectoryEnumerator.m in Sources */ = {isa = PBXBuildFile; fileRef = 22ADAEBF237AC95F0088D31E /* NSFileManager+TOFileSystemDirectoryEnumerator.m */; };
		22C7FE9C23B5BD120017CABD /* TOFileSystemItemURLDictionary.m in Sources */ = {isa = PBXBuildFile; fileRef = 22C7FE9B23B5BD120017CABD /* TOFileSystemItemURLDictionary.m */; };
		22C7FEAC23B5E7450017CABD /* TOFileSystemItemDictionaryTests.m in Sources */ = {isa = PBXBuildFile; fileRef = 22C7FEAB23B5E7450017CABD /* TOFileSystemItemDictionaryTests.m */; };
		22C7FEAD23B5E74E0017CABD /* TOFileSystemItemURLDictionary.m in Sources */ = {isa = PBXBuildFile; fileRef = 22C7FE9B23B5BD120017CABD /* TOFileSystemItemURLDictionary.m */; };
		22D601C923657FA500275AD9 /* TOFileSystemPresenter.m in Sources */ = {isa = PBXBuildFile; fileRef = 22D601C823657FA500275AD9 /* TOFileSystemPresenter.m */; };
		22DA1C1123D1947900AA8444 /* TOFileSystemUUIDTests.m in Sources */ = {isa = PBXBuildFile; fileRef = 22DA1C1023D1947900AA8444 /* TOFileSystemUUIDTests.m */; };
		22F4E42B23CC8BE400F7EEC6 /* TOFileSystemItemMapTable.m in Sources */ = {isa = PBXBuildFile; fileRef = 22F4E42A23CC8BE400F7EEC6 /* TOFileSystemItemMapTable.m */; };
/* End PBXBuildFile section */

/* Begin PBXContainerItemProxy section */
		22C7FEA623B5E70E0017CABD /* PBXContainerItemProxy */ = {
			isa = PBXContainerItemProxy;
			containerPortal = 223A8930233F13C9008FFE1A /* Project object */;
			proxyType = 1;
			remoteGlobalIDString = 223A8937233F13C9008FFE1A;
			remoteInfo = TOFileSystemObserverExample;
		};
/* End PBXContainerItemProxy section */

/* Begin PBXFileReference section */
		2206C80723C9BECA009FD5DD /* TOFileSystemObserver+UIKit.h */ = {isa = PBXFileReference; lastKnownFileType = sourcecode.c.h; path = "TOFileSystemObserver+UIKit.h"; sourceTree = "<group>"; };
		2232B64A233F6C1800358B05 /* TOFileSystemNotificationToken.h */ = {isa = PBXFileReference; lastKnownFileType = sourcecode.c.h; path = TOFileSystemNotificationToken.h; sourceTree = "<group>"; };
		2232B64B233F6C1800358B05 /* TOFileSystemNotificationToken.m */ = {isa = PBXFileReference; lastKnownFileType = sourcecode.c.objc; path = TOFileSystemNotificationToken.m; sourceTree = "<group>"; };
		223A8938233F13CA008FFE1A /* TOFileSystemObserverExample.app */ = {isa = PBXFileReference; explicitFileType = wrapper.application; includeInIndex = 0; path = TOFileSystemObserverExample.app; sourceTree = BUILT_PRODUCTS_DIR; };
		223A893B233F13CA008FFE1A /* TOAppDelegate.h */ = {isa = PBXFileReference; lastKnownFileType = sourcecode.c.h; path = TOAppDelegate.h; sourceTree = "<group>"; };
		223A893C233F13CA008FFE1A /* TOAppDelegate.m */ = {isa = PBXFileReference; lastKnownFileType = sourcecode.c.objc; path = TOAppDelegate.m; sourceTree = "<group>"; };
		223A8941233F13CA008FFE1A /* TOViewController.h */ = {isa = PBXFileReference; lastKnownFileType = sourcecode.c.h; path = TOViewController.h; sourceTree = "<group>"; };
		223A8942233F13CA008FFE1A /* TOViewController.m */ = {isa = PBXFileReference; lastKnownFileType = sourcecode.c.objc; path = TOViewController.m; sourceTree = "<group>"; };
		223A8947233F13CA008FFE1A /* Assets.xcassets */ = {isa = PBXFileReference; lastKnownFileType = folder.assetcatalog; path = Assets.xcassets; sourceTree = "<group>"; };
		223A894A233F13CA008FFE1A /* Base */ = {isa = PBXFileReference; lastKnownFileType = file.storyboard; name = Base; path = Base.lproj/LaunchScreen.storyboard; sourceTree = "<group>"; };
		223A894C233F13CA008FFE1A /* Info.plist */ = {isa = PBXFileReference; lastKnownFileType = text.plist.xml; path = Info.plist; sourceTree = "<group>"; };
		223A894D233F13CA008FFE1A /* main.m */ = {isa = PBXFileReference; lastKnownFileType = sourcecode.c.objc; path = main.m; sourceTree = "<group>"; };
		223A8955233F4AB0008FFE1A /* TOFileSystemObserver.h */ = {isa = PBXFileReference; lastKnownFileType = sourcecode.c.h; path = TOFileSystemObserver.h; sourceTree = "<group>"; };
		223A8956233F4AB0008FFE1A /* TOFileSystemObserver.m */ = {isa = PBXFileReference; lastKnownFileType = sourcecode.c.objc; path = TOFileSystemObserver.m; sourceTree = "<group>"; };
		223A8959233F4B3B008FFE1A /* TOFileSystemItem.h */ = {isa = PBXFileReference; lastKnownFileType = sourcecode.c.h; path = TOFileSystemItem.h; sourceTree = "<group>"; };
		223A895A233F4B3B008FFE1A /* TOFileSystemItem.m */ = {isa = PBXFileReference; lastKnownFileType = sourcecode.c.objc; path = TOFileSystemItem.m; sourceTree = "<group>"; };
		22498E5723BF030C00D0C345 /* NSURL+TOFileSystemAttributes.h */ = {isa = PBXFileReference; lastKnownFileType = sourcecode.c.h; path = "NSURL+TOFileSystemAttributes.h"; sourceTree = "<group>"; };
		22498E5823BF030C00D0C345 /* NSURL+TOFileSystemAttributes.m */ = {isa = PBXFileReference; lastKnownFileType = sourcecode.c.objc; path = "NSURL+TOFileSystemAttributes.m"; sourceTree = "<group>"; };
		2254ED282340588F00331B47 /* TOFileSystemPath.h */ = {isa = PBXFileReference; lastKnownFileType = sourcecode.c.h; path = TOFileSystemPath.h; sourceTree = "<group>"; };
		2254ED292340588F00331B47 /* TOFileSystemPath.m */ = {isa = PBXFileReference; lastKnownFileType = sourcecode.c.objc; path = TOFileSystemPath.m; sourceTree = "<group>"; };
		2254ED2C2340F04800331B47 /* TOFileSystemScanOperation.h */ = {isa = PBXFileReference; lastKnownFileType = sourcecode.c.h; path = TOFileSystemScanOperation.h; sourceTree = "<group>"; };
		2254ED2D2340F04800331B47 /* TOFileSystemScanOperation.m */ = {isa = PBXFileReference; lastKnownFileType = sourcecode.c.objc; path = TOFileSystemScanOperation.m; sourceTree = "<group>"; };
		2254ED3A2341060000331B47 /* NSURL+TOFileSystemUUID.m */ = {isa = PBXFileReference; fileEncoding = 4; lastKnownFileType = sourcecode.c.objc; path = "NSURL+TOFileSystemUUID.m"; sourceTree = "<group>"; };
		2254ED3B2341060000331B47 /* NSURL+TOFileSystemUUID.h */ = {isa = PBXFileReference; fileEncoding = 4; lastKnownFileType = sourcecode.c.h; path = "NSURL+TOFileSystemUUID.h"; sourceTree = "<group>"; };
		22838BA423CF65F700CBE2FE /* TOFileSystemChanges.h */ = {isa = PBXFileReference; lastKnownFileType = sourcecode.c.h; path = TOFileSystemChanges.h; sourceTree = "<group>"; };
		22838BA523CF65F700CBE2FE /* TOFileSystemChanges.m */ = {isa = PBXFileReference; lastKnownFileType = sourcecode.c.objc; path = TOFileSystemChanges.m; sourceTree = "<group>"; };
		22925B4023D35E4600FC166C /* TOFileSystemFileAttributesTest.m */ = {isa = PBXFileReference; lastKnownFileType = sourcecode.c.objc; name = TOFileSystemFileAttributesTest.m; path = TOFileSystemObserverTests/Categories/TOFileSystemFileAttributesTest.m; sourceTree = SOURCE_ROOT; };
		22925B4323D36D0000FC166C /* TOFileSystemEnumeratorTests.m */ = {isa = PBXFileReference; lastKnownFileType = sourcecode.c.objc; name = TOFileSystemEnumeratorTests.m; path = TOFileSystemObserverTests/Categories/TOFileSystemEnumeratorTests.m; sourceTree = SOURCE_ROOT; };
		229E0BA623C8503C0019937C /* TOFileSystemItemListChanges.h */ = {isa = PBXFileReference; lastKnownFileType = sourcecode.c.h; path = TOFileSystemItemListChanges.h; sourceTree = "<group>"; };
		229E0BA723C8503C0019937C /* TOFileSystemItemListChanges.m */ = {isa = PBXFileReference; lastKnownFileType = sourcecode.c.objc; path = TOFileSystemItemListChanges.m; sourceTree = "<group>"; };
		229E0BA923C850510019937C /* TOFileSystemItemListChanges+Private.h */ = {isa = PBXFileReference; lastKnownFileType = sourcecode.c.h; path = "TOFileSystemItemListChanges+Private.h"; sourceTree = "<group>"; };
		229E0BAA23C85ACD0019937C /* TOFileSystemNotificationToken+Private.h */ = {isa = PBXFileReference; lastKnownFileType = sourcecode.c.h; path = "TOFileSystemNotificationToken+Private.h"; sourceTree = "<group>"; };
		22ADAEBA237815DA0088D31E /* TOFileSystemItemList.h */ = {isa = PBXFileReference; lastKnownFileType = sourcecode.c.h; path = TOFileSystemItemList.h; sourceTree = "<group>"; };
		22ADAEBB237815DA0088D31E /* TOFileSystemItemList.m */ = {isa = PBXFileReference; lastKnownFileType = sourcecode.c.objc; path = TOFileSystemItemList.m; sourceTree = "<group>"; };
		22ADAEBE237AC95F0088D31E /* NSFileManager+TOFileSystemDirectoryEnumerator.h */ = {isa = PBXFileReference; lastKnownFileType = sourcecode.c.h; path = "NSFileManager+TOFileSystemDirectoryEnumerator.h"; sourceTree = "<group>"; };
		22ADAEBF237AC95F0088D31E /* NSFileManager+TOFileSystemDirectoryEnumerator.m */ = {isa = PBXFileReference; lastKnownFileType = sourcecode.c.objc; path = "NSFileManager+TOFileSystemDirectoryEnumerator.m"; sourceTree = "<group>"; };
		22ADAEC1237AD1A40088D31E /* TOFileSystemItem+Private.h */ = {isa = PBXFileReference; lastKnownFileType = sourcecode.c.h; path = "TOFileSystemItem+Private.h"; sourceTree = "<group>"; };
		22ADAEC3237AD24E0088D31E /* TOFileSystemItemList+Private.h */ = {isa = PBXFileReference; lastKnownFileType = sourcecode.c.h; path = "TOFileSystemItemList+Private.h"; sourceTree = "<group>"; };
		22C7FE9A23B5BD120017CABD /* TOFileSystemItemURLDictionary.h */ = {isa = PBXFileReference; lastKnownFileType = sourcecode.c.h; path = TOFileSystemItemURLDictionary.h; sourceTree = "<group>"; };
		22C7FE9B23B5BD120017CABD /* TOFileSystemItemURLDictionary.m */ = {isa = PBXFileReference; lastKnownFileType = sourcecode.c.objc; path = TOFileSystemItemURLDictionary.m; sourceTree = "<group>"; };
		22C7FEA123B5E70E0017CABD /* TOFileSystemObserverTests.xctest */ = {isa = PBXFileReference; explicitFileType = wrapper.cfbundle; includeInIndex = 0; path = TOFileSystemObserverTests.xctest; sourceTree = BUILT_PRODUCTS_DIR; };
		22C7FEA523B5E70E0017CABD /* Info.plist */ = {isa = PBXFileReference; lastKnownFileType = text.plist.xml; path = Info.plist; sourceTree = "<group>"; };
		22C7FEAB23B5E7450017CABD /* TOFileSystemItemDictionaryTests.m */ = {isa = PBXFileReference; fileEncoding = 4; lastKnownFileType = sourcecode.c.objc; path = TOFileSystemItemDictionaryTests.m; sourceTree = "<group>"; };
		22D601C723657FA500275AD9 /* TOFileSystemPresenter.h */ = {isa = PBXFileReference; lastKnownFileType = sourcecode.c.h; path = TOFileSystemPresenter.h; sourceTree = "<group>"; };
		22D601C823657FA500275AD9 /* TOFileSystemPresenter.m */ = {isa = PBXFileReference; lastKnownFileType = sourcecode.c.objc; path = TOFileSystemPresenter.m; sourceTree = "<group>"; };
		22DA1C1023D1947900AA8444 /* TOFileSystemUUIDTests.m */ = {isa = PBXFileReference; lastKnownFileType = sourcecode.c.objc; path = TOFileSystemUUIDTests.m; sourceTree = "<group>"; };
		22F4E42923CC8BE400F7EEC6 /* TOFileSystemItemMapTable.h */ = {isa = PBXFileReference; lastKnownFileType = sourcecode.c.h; path = TOFileSystemItemMapTable.h; sourceTree = "<group>"; };
		22F4E42A23CC8BE400F7EEC6 /* TOFileSystemItemMapTable.m */ = {isa = PBXFileReference; lastKnownFileType = sourcecode.c.objc; path = TOFileSystemItemMapTable.m; sourceTree = "<group>"; };
/* End PBXFileReference section */

/* Begin PBXFrameworksBuildPhase section */
		223A8935233F13C9008FFE1A /* Frameworks */ = {
			isa = PBXFrameworksBuildPhase;
			buildActionMask = 2147483647;
			files = (
			);
			runOnlyForDeploymentPostprocessing = 0;
		};
		22C7FE9E23B5E70E0017CABD /* Frameworks */ = {
			isa = PBXFrameworksBuildPhase;
			buildActionMask = 2147483647;
			files = (
			);
			runOnlyForDeploymentPostprocessing = 0;
		};
/* End PBXFrameworksBuildPhase section */

/* Begin PBXGroup section */
		2206C80A23C9BFDF009FD5DD /* Utilities */ = {
			isa = PBXGroup;
			children = (
				2206C80723C9BECA009FD5DD /* TOFileSystemObserver+UIKit.h */,
			);
			path = Utilities;
			sourceTree = "<group>";
		};
		2232B649233F6BF900358B05 /* Notifications */ = {
			isa = PBXGroup;
			children = (
				2232B64A233F6C1800358B05 /* TOFileSystemNotificationToken.h */,
				229E0BAA23C85ACD0019937C /* TOFileSystemNotificationToken+Private.h */,
				2232B64B233F6C1800358B05 /* TOFileSystemNotificationToken.m */,
			);
			path = Notifications;
			sourceTree = "<group>";
		};
		2232B651233FAFC000358B05 /* Changes */ = {
			isa = PBXGroup;
			children = (
				229E0BA623C8503C0019937C /* TOFileSystemItemListChanges.h */,
				229E0BA923C850510019937C /* TOFileSystemItemListChanges+Private.h */,
				229E0BA723C8503C0019937C /* TOFileSystemItemListChanges.m */,
				22838BA423CF65F700CBE2FE /* TOFileSystemChanges.h */,
				22838BA523CF65F700CBE2FE /* TOFileSystemChanges.m */,
			);
			path = Changes;
			sourceTree = "<group>";
		};
		223A892F233F13C9008FFE1A = {
			isa = PBXGroup;
			children = (
				223A8954233F4A99008FFE1A /* TOFileSystemObserver */,
				22C7FEA223B5E70E0017CABD /* TOFileSystemObserverTests */,
				223A893A233F13CA008FFE1A /* TOFileSystemObserverExample */,
				223A8939233F13CA008FFE1A /* Products */,
			);
			sourceTree = "<group>";
		};
		223A8939233F13CA008FFE1A /* Products */ = {
			isa = PBXGroup;
			children = (
				223A8938233F13CA008FFE1A /* TOFileSystemObserverExample.app */,
				22C7FEA123B5E70E0017CABD /* TOFileSystemObserverTests.xctest */,
			);
			name = Products;
			sourceTree = "<group>";
		};
		223A893A233F13CA008FFE1A /* TOFileSystemObserverExample */ = {
			isa = PBXGroup;
			children = (
				223A893B233F13CA008FFE1A /* TOAppDelegate.h */,
				223A893C233F13CA008FFE1A /* TOAppDelegate.m */,
				223A8941233F13CA008FFE1A /* TOViewController.h */,
				223A8942233F13CA008FFE1A /* TOViewController.m */,
				223A8947233F13CA008FFE1A /* Assets.xcassets */,
				223A8949233F13CA008FFE1A /* LaunchScreen.storyboard */,
				223A894C233F13CA008FFE1A /* Info.plist */,
				223A894D233F13CA008FFE1A /* main.m */,
			);
			path = TOFileSystemObserverExample;
			sourceTree = "<group>";
		};
		223A8954233F4A99008FFE1A /* TOFileSystemObserver */ = {
			isa = PBXGroup;
			children = (
				223A8955233F4AB0008FFE1A /* TOFileSystemObserver.h */,
				223A8956233F4AB0008FFE1A /* TOFileSystemObserver.m */,
				2254ED392341060000331B47 /* Categories */,
				2232B651233FAFC000358B05 /* Changes */,
				22F4E42C23CC974400F7EEC6 /* Collections */,
				223A8958233F4AB5008FFE1A /* Entities */,
				22D601C623657F5B00275AD9 /* FilePresenter */,
				2254ED27234055BB00331B47 /* FilePaths */,
				2232B649233F6BF900358B05 /* Notifications */,
				2254ED2B2340EF0F00331B47 /* Operations */,
				2206C80A23C9BFDF009FD5DD /* Utilities */,
			);
			path = TOFileSystemObserver;
			sourceTree = "<group>";
		};
		223A8958233F4AB5008FFE1A /* Entities */ = {
			isa = PBXGroup;
			children = (
				22ADAEBA237815DA0088D31E /* TOFileSystemItemList.h */,
				22ADAEC3237AD24E0088D31E /* TOFileSystemItemList+Private.h */,
				22ADAEBB237815DA0088D31E /* TOFileSystemItemList.m */,
				223A8959233F4B3B008FFE1A /* TOFileSystemItem.h */,
				22ADAEC1237AD1A40088D31E /* TOFileSystemItem+Private.h */,
				223A895A233F4B3B008FFE1A /* TOFileSystemItem.m */,
			);
			path = Entities;
			sourceTree = "<group>";
		};
		2254ED27234055BB00331B47 /* FilePaths */ = {
			isa = PBXGroup;
			children = (
				2254ED282340588F00331B47 /* TOFileSystemPath.h */,
				2254ED292340588F00331B47 /* TOFileSystemPath.m */,
			);
			path = FilePaths;
			sourceTree = "<group>";
		};
		2254ED2B2340EF0F00331B47 /* Operations */ = {
			isa = PBXGroup;
			children = (
				2254ED2C2340F04800331B47 /* TOFileSystemScanOperation.h */,
				2254ED2D2340F04800331B47 /* TOFileSystemScanOperation.m */,
			);
			path = Operations;
			sourceTree = "<group>";
		};
		2254ED392341060000331B47 /* Categories */ = {
			isa = PBXGroup;
			children = (
				22498E5723BF030C00D0C345 /* NSURL+TOFileSystemAttributes.h */,
				22498E5823BF030C00D0C345 /* NSURL+TOFileSystemAttributes.m */,
				2254ED3B2341060000331B47 /* NSURL+TOFileSystemUUID.h */,
				2254ED3A2341060000331B47 /* NSURL+TOFileSystemUUID.m */,
				22ADAEBE237AC95F0088D31E /* NSFileManager+TOFileSystemDirectoryEnumerator.h */,
				22ADAEBF237AC95F0088D31E /* NSFileManager+TOFileSystemDirectoryEnumerator.m */,
			);
			path = Categories;
			sourceTree = "<group>";
		};
		22925B4623D36FFB00FC166C /* Categories */ = {
			isa = PBXGroup;
			children = (
				22925B4023D35E4600FC166C /* TOFileSystemFileAttributesTest.m */,
				22925B4323D36D0000FC166C /* TOFileSystemEnumeratorTests.m */,
				22DA1C1023D1947900AA8444 /* TOFileSystemUUIDTests.m */,
			);
			path = Categories;
			sourceTree = "<group>";
		};
		22925B4723D3701100FC166C /* Entities */ = {
			isa = PBXGroup;
			children = (
				22C7FEAB23B5E7450017CABD /* TOFileSystemItemDictionaryTests.m */,
			);
			path = Entities;
			sourceTree = "<group>";
		};
		22C7FEA223B5E70E0017CABD /* TOFileSystemObserverTests */ = {
			isa = PBXGroup;
			children = (
				22925B4723D3701100FC166C /* Entities */,
				22925B4623D36FFB00FC166C /* Categories */,
				22C7FEA523B5E70E0017CABD /* Info.plist */,
			);
			path = TOFileSystemObserverTests;
			sourceTree = "<group>";
		};
		22D601C623657F5B00275AD9 /* FilePresenter */ = {
			isa = PBXGroup;
			children = (
				22D601C723657FA500275AD9 /* TOFileSystemPresenter.h */,
				22D601C823657FA500275AD9 /* TOFileSystemPresenter.m */,
			);
			path = FilePresenter;
			sourceTree = "<group>";
		};
		22F4E42C23CC974400F7EEC6 /* Collections */ = {
			isa = PBXGroup;
			children = (
				22C7FE9A23B5BD120017CABD /* TOFileSystemItemURLDictionary.h */,
				22C7FE9B23B5BD120017CABD /* TOFileSystemItemURLDictionary.m */,
				22F4E42923CC8BE400F7EEC6 /* TOFileSystemItemMapTable.h */,
				22F4E42A23CC8BE400F7EEC6 /* TOFileSystemItemMapTable.m */,
			);
			path = Collections;
			sourceTree = "<group>";
		};
/* End PBXGroup section */

/* Begin PBXNativeTarget section */
		223A8937233F13C9008FFE1A /* TOFileSystemObserverExample */ = {
			isa = PBXNativeTarget;
			buildConfigurationList = 223A8951233F13CB008FFE1A /* Build configuration list for PBXNativeTarget "TOFileSystemObserverExample" */;
			buildPhases = (
				223A8934233F13C9008FFE1A /* Sources */,
				223A8935233F13C9008FFE1A /* Frameworks */,
				223A8936233F13C9008FFE1A /* Resources */,
			);
			buildRules = (
			);
			dependencies = (
			);
			name = TOFileSystemObserverExample;
			productName = TOFileSystemObserverExample;
			productReference = 223A8938233F13CA008FFE1A /* TOFileSystemObserverExample.app */;
			productType = "com.apple.product-type.application";
		};
		22C7FEA023B5E70E0017CABD /* TOFileSystemObserverTests */ = {
			isa = PBXNativeTarget;
			buildConfigurationList = 22C7FEA823B5E70E0017CABD /* Build configuration list for PBXNativeTarget "TOFileSystemObserverTests" */;
			buildPhases = (
				22C7FE9D23B5E70E0017CABD /* Sources */,
				22C7FE9E23B5E70E0017CABD /* Frameworks */,
				22C7FE9F23B5E70E0017CABD /* Resources */,
			);
			buildRules = (
			);
			dependencies = (
				22C7FEA723B5E70E0017CABD /* PBXTargetDependency */,
			);
			name = TOFileSystemObserverTests;
			productName = TOFileSystemObserverTests;
			productReference = 22C7FEA123B5E70E0017CABD /* TOFileSystemObserverTests.xctest */;
			productType = "com.apple.product-type.bundle.unit-test";
		};
/* End PBXNativeTarget section */

/* Begin PBXProject section */
		223A8930233F13C9008FFE1A /* Project object */ = {
			isa = PBXProject;
			attributes = {
				LastUpgradeCheck = 1110;
				ORGANIZATIONNAME = "Tim Oliver";
				TargetAttributes = {
					223A8937233F13C9008FFE1A = {
						CreatedOnToolsVersion = 11.1;
					};
					22C7FEA023B5E70E0017CABD = {
						CreatedOnToolsVersion = 11.3;
						TestTargetID = 223A8937233F13C9008FFE1A;
					};
				};
			};
			buildConfigurationList = 223A8933233F13C9008FFE1A /* Build configuration list for PBXProject "TOFileSystemObserverExample" */;
			compatibilityVersion = "Xcode 9.3";
			developmentRegion = en;
			hasScannedForEncodings = 0;
			knownRegions = (
				en,
				Base,
			);
			mainGroup = 223A892F233F13C9008FFE1A;
			productRefGroup = 223A8939233F13CA008FFE1A /* Products */;
			projectDirPath = "";
			projectRoot = "";
			targets = (
				223A8937233F13C9008FFE1A /* TOFileSystemObserverExample */,
				22C7FEA023B5E70E0017CABD /* TOFileSystemObserverTests */,
			);
		};
/* End PBXProject section */

/* Begin PBXResourcesBuildPhase section */
		223A8936233F13C9008FFE1A /* Resources */ = {
			isa = PBXResourcesBuildPhase;
			buildActionMask = 2147483647;
			files = (
				223A894B233F13CA008FFE1A /* LaunchScreen.storyboard in Resources */,
				223A8948233F13CA008FFE1A /* Assets.xcassets in Resources */,
			);
			runOnlyForDeploymentPostprocessing = 0;
		};
		22C7FE9F23B5E70E0017CABD /* Resources */ = {
			isa = PBXResourcesBuildPhase;
			buildActionMask = 2147483647;
			files = (
			);
			runOnlyForDeploymentPostprocessing = 0;
		};
/* End PBXResourcesBuildPhase section */

/* Begin PBXSourcesBuildPhase section */
		223A8934233F13C9008FFE1A /* Sources */ = {
			isa = PBXSourcesBuildPhase;
			buildActionMask = 2147483647;
			files = (
				22ADAEC0237AC95F0088D31E /* NSFileManager+TOFileSystemDirectoryEnumerator.m in Sources */,
				2254ED2E2340F04800331B47 /* TOFileSystemScanOperation.m in Sources */,
				22838BA623CF65F700CBE2FE /* TOFileSystemChanges.m in Sources */,
				22F4E42B23CC8BE400F7EEC6 /* TOFileSystemItemMapTable.m in Sources */,
				22498E5923BF030C00D0C345 /* NSURL+TOFileSystemAttributes.m in Sources */,
				2254ED2A2340588F00331B47 /* TOFileSystemPath.m in Sources */,
				2254ED3C2341060000331B47 /* NSURL+TOFileSystemUUID.m in Sources */,
				229E0BA823C8503C0019937C /* TOFileSystemItemListChanges.m in Sources */,
				2232B64C233F6C1800358B05 /* TOFileSystemNotificationToken.m in Sources */,
				22D601C923657FA500275AD9 /* TOFileSystemPresenter.m in Sources */,
				223A8943233F13CA008FFE1A /* TOViewController.m in Sources */,
				223A8957233F4AB0008FFE1A /* TOFileSystemObserver.m in Sources */,
				22ADAEBC237815DA0088D31E /* TOFileSystemItemList.m in Sources */,
				22ADAEBD2378177F0088D31E /* TOFileSystemItem.m in Sources */,
				223A893D233F13CA008FFE1A /* TOAppDelegate.m in Sources */,
				223A894E233F13CA008FFE1A /* main.m in Sources */,
				22C7FE9C23B5BD120017CABD /* TOFileSystemItemURLDictionary.m in Sources */,
			);
			runOnlyForDeploymentPostprocessing = 0;
		};
		22C7FE9D23B5E70E0017CABD /* Sources */ = {
			isa = PBXSourcesBuildPhase;
			buildActionMask = 2147483647;
			files = (
				22925B4523D36D0D00FC166C /* NSFileManager+TOFileSystemDirectoryEnumerator.m in Sources */,
				22C7FEAC23B5E7450017CABD /* TOFileSystemItemDictionaryTests.m in Sources */,
				22925B3F23D2991E00FC166C /* NSURL+TOFileSystemUUID.m in Sources */,
				22DA1C1123D1947900AA8444 /* TOFileSystemUUIDTests.m in Sources */,
				22925B4423D36D0000FC166C /* TOFileSystemEnumeratorTests.m in Sources */,
				22925B4123D35E4600FC166C /* TOFileSystemFileAttributesTest.m in Sources */,
				22C7FEAD23B5E74E0017CABD /* TOFileSystemItemURLDictionary.m in Sources */,
				22925B4223D3613100FC166C /* NSURL+TOFileSystemAttributes.m in Sources */,
			);
			runOnlyForDeploymentPostprocessing = 0;
		};
/* End PBXSourcesBuildPhase section */

/* Begin PBXTargetDependency section */
		22C7FEA723B5E70E0017CABD /* PBXTargetDependency */ = {
			isa = PBXTargetDependency;
			target = 223A8937233F13C9008FFE1A /* TOFileSystemObserverExample */;
			targetProxy = 22C7FEA623B5E70E0017CABD /* PBXContainerItemProxy */;
		};
/* End PBXTargetDependency section */

/* Begin PBXVariantGroup section */
		223A8949233F13CA008FFE1A /* LaunchScreen.storyboard */ = {
			isa = PBXVariantGroup;
			children = (
				223A894A233F13CA008FFE1A /* Base */,
			);
			name = LaunchScreen.storyboard;
			sourceTree = "<group>";
		};
/* End PBXVariantGroup section */

/* Begin XCBuildConfiguration section */
		223A894F233F13CA008FFE1A /* Debug */ = {
			isa = XCBuildConfiguration;
			buildSettings = {
				ALWAYS_SEARCH_USER_PATHS = NO;
				CLANG_ANALYZER_NONNULL = YES;
				CLANG_ANALYZER_NUMBER_OBJECT_CONVERSION = YES_AGGRESSIVE;
				CLANG_CXX_LANGUAGE_STANDARD = "gnu++14";
				CLANG_CXX_LIBRARY = "libc++";
				CLANG_ENABLE_MODULES = YES;
				CLANG_ENABLE_OBJC_ARC = YES;
				CLANG_ENABLE_OBJC_WEAK = YES;
				CLANG_WARN_BLOCK_CAPTURE_AUTORELEASING = YES;
				CLANG_WARN_BOOL_CONVERSION = YES;
				CLANG_WARN_COMMA = YES;
				CLANG_WARN_CONSTANT_CONVERSION = YES;
				CLANG_WARN_DEPRECATED_OBJC_IMPLEMENTATIONS = YES;
				CLANG_WARN_DIRECT_OBJC_ISA_USAGE = YES_ERROR;
				CLANG_WARN_DOCUMENTATION_COMMENTS = YES;
				CLANG_WARN_EMPTY_BODY = YES;
				CLANG_WARN_ENUM_CONVERSION = YES;
				CLANG_WARN_INFINITE_RECURSION = YES;
				CLANG_WARN_INT_CONVERSION = YES;
				CLANG_WARN_NON_LITERAL_NULL_CONVERSION = YES;
				CLANG_WARN_OBJC_IMPLICIT_RETAIN_SELF = YES;
				CLANG_WARN_OBJC_LITERAL_CONVERSION = YES;
				CLANG_WARN_OBJC_ROOT_CLASS = YES_ERROR;
				CLANG_WARN_RANGE_LOOP_ANALYSIS = YES;
				CLANG_WARN_STRICT_PROTOTYPES = YES;
				CLANG_WARN_SUSPICIOUS_MOVE = YES;
				CLANG_WARN_UNGUARDED_AVAILABILITY = YES_AGGRESSIVE;
				CLANG_WARN_UNREACHABLE_CODE = YES;
				CLANG_WARN__DUPLICATE_METHOD_MATCH = YES;
				COPY_PHASE_STRIP = NO;
				DEBUG_INFORMATION_FORMAT = dwarf;
				ENABLE_STRICT_OBJC_MSGSEND = YES;
				ENABLE_TESTABILITY = YES;
				GCC_C_LANGUAGE_STANDARD = gnu11;
				GCC_DYNAMIC_NO_PIC = NO;
				GCC_NO_COMMON_BLOCKS = YES;
				GCC_OPTIMIZATION_LEVEL = 0;
				GCC_PREPROCESSOR_DEFINITIONS = (
					"DEBUG=1",
					"$(inherited)",
				);
				GCC_WARN_64_TO_32_BIT_CONVERSION = YES;
				GCC_WARN_ABOUT_RETURN_TYPE = YES_ERROR;
				GCC_WARN_UNDECLARED_SELECTOR = YES;
				GCC_WARN_UNINITIALIZED_AUTOS = YES_AGGRESSIVE;
				GCC_WARN_UNUSED_FUNCTION = YES;
				GCC_WARN_UNUSED_VARIABLE = YES;
				IPHONEOS_DEPLOYMENT_TARGET = 13.1;
				MTL_ENABLE_DEBUG_INFO = INCLUDE_SOURCE;
				MTL_FAST_MATH = YES;
				ONLY_ACTIVE_ARCH = YES;
				SDKROOT = iphoneos;
			};
			name = Debug;
		};
		223A8950233F13CA008FFE1A /* Release */ = {
			isa = XCBuildConfiguration;
			buildSettings = {
				ALWAYS_SEARCH_USER_PATHS = NO;
				CLANG_ANALYZER_NONNULL = YES;
				CLANG_ANALYZER_NUMBER_OBJECT_CONVERSION = YES_AGGRESSIVE;
				CLANG_CXX_LANGUAGE_STANDARD = "gnu++14";
				CLANG_CXX_LIBRARY = "libc++";
				CLANG_ENABLE_MODULES = YES;
				CLANG_ENABLE_OBJC_ARC = YES;
				CLANG_ENABLE_OBJC_WEAK = YES;
				CLANG_WARN_BLOCK_CAPTURE_AUTORELEASING = YES;
				CLANG_WARN_BOOL_CONVERSION = YES;
				CLANG_WARN_COMMA = YES;
				CLANG_WARN_CONSTANT_CONVERSION = YES;
				CLANG_WARN_DEPRECATED_OBJC_IMPLEMENTATIONS = YES;
				CLANG_WARN_DIRECT_OBJC_ISA_USAGE = YES_ERROR;
				CLANG_WARN_DOCUMENTATION_COMMENTS = YES;
				CLANG_WARN_EMPTY_BODY = YES;
				CLANG_WARN_ENUM_CONVERSION = YES;
				CLANG_WARN_INFINITE_RECURSION = YES;
				CLANG_WARN_INT_CONVERSION = YES;
				CLANG_WARN_NON_LITERAL_NULL_CONVERSION = YES;
				CLANG_WARN_OBJC_IMPLICIT_RETAIN_SELF = YES;
				CLANG_WARN_OBJC_LITERAL_CONVERSION = YES;
				CLANG_WARN_OBJC_ROOT_CLASS = YES_ERROR;
				CLANG_WARN_RANGE_LOOP_ANALYSIS = YES;
				CLANG_WARN_STRICT_PROTOTYPES = YES;
				CLANG_WARN_SUSPICIOUS_MOVE = YES;
				CLANG_WARN_UNGUARDED_AVAILABILITY = YES_AGGRESSIVE;
				CLANG_WARN_UNREACHABLE_CODE = YES;
				CLANG_WARN__DUPLICATE_METHOD_MATCH = YES;
				COPY_PHASE_STRIP = NO;
				DEBUG_INFORMATION_FORMAT = "dwarf-with-dsym";
				ENABLE_NS_ASSERTIONS = NO;
				ENABLE_STRICT_OBJC_MSGSEND = YES;
				GCC_C_LANGUAGE_STANDARD = gnu11;
				GCC_NO_COMMON_BLOCKS = YES;
				GCC_WARN_64_TO_32_BIT_CONVERSION = YES;
				GCC_WARN_ABOUT_RETURN_TYPE = YES_ERROR;
				GCC_WARN_UNDECLARED_SELECTOR = YES;
				GCC_WARN_UNINITIALIZED_AUTOS = YES_AGGRESSIVE;
				GCC_WARN_UNUSED_FUNCTION = YES;
				GCC_WARN_UNUSED_VARIABLE = YES;
				IPHONEOS_DEPLOYMENT_TARGET = 13.1;
				MTL_ENABLE_DEBUG_INFO = NO;
				MTL_FAST_MATH = YES;
				SDKROOT = iphoneos;
				VALIDATE_PRODUCT = YES;
			};
			name = Release;
		};
		223A8952233F13CB008FFE1A /* Debug */ = {
			isa = XCBuildConfiguration;
			buildSettings = {
				ASSETCATALOG_COMPILER_APPICON_NAME = AppIcon;
				CODE_SIGN_IDENTITY = "Apple Development";
				CODE_SIGN_STYLE = Automatic;
				DEVELOPMENT_TEAM = 6LF3GMKZAB;
				INFOPLIST_FILE = TOFileSystemObserverExample/Info.plist;
				IPHONEOS_DEPLOYMENT_TARGET = 8.0;
				LD_RUNPATH_SEARCH_PATHS = (
					"$(inherited)",
					"@executable_path/Frameworks",
				);
				PRODUCT_BUNDLE_IDENTIFIER = dev.tim.TOFileSystemObserverExample;
				PRODUCT_NAME = "$(TARGET_NAME)";
				PROVISIONING_PROFILE_SPECIFIER = "";
				TARGETED_DEVICE_FAMILY = "1,2";
			};
			name = Debug;
		};
		223A8953233F13CB008FFE1A /* Release */ = {
			isa = XCBuildConfiguration;
			buildSettings = {
				ASSETCATALOG_COMPILER_APPICON_NAME = AppIcon;
				CODE_SIGN_IDENTITY = "Apple Development";
				CODE_SIGN_STYLE = Automatic;
				DEVELOPMENT_TEAM = 6LF3GMKZAB;
				INFOPLIST_FILE = TOFileSystemObserverExample/Info.plist;
				IPHONEOS_DEPLOYMENT_TARGET = 8.0;
				LD_RUNPATH_SEARCH_PATHS = (
					"$(inherited)",
					"@executable_path/Frameworks",
				);
				PRODUCT_BUNDLE_IDENTIFIER = dev.tim.TOFileSystemObserverExample;
				PRODUCT_NAME = "$(TARGET_NAME)";
				PROVISIONING_PROFILE_SPECIFIER = "";
				TARGETED_DEVICE_FAMILY = "1,2";
			};
			name = Release;
		};
		22C7FEA923B5E70E0017CABD /* Debug */ = {
			isa = XCBuildConfiguration;
			buildSettings = {
				BUNDLE_LOADER = "$(TEST_HOST)";
				CODE_SIGN_STYLE = Automatic;
				DEVELOPMENT_TEAM = 6LF3GMKZAB;
				INFOPLIST_FILE = TOFileSystemObserverTests/Info.plist;
				IPHONEOS_DEPLOYMENT_TARGET = 13.2;
				LD_RUNPATH_SEARCH_PATHS = (
					"$(inherited)",
					"@executable_path/Frameworks",
					"@loader_path/Frameworks",
				);
				PRODUCT_BUNDLE_IDENTIFIER = dev.tim.TOFileSystemObserverTests;
				PRODUCT_NAME = "$(TARGET_NAME)";
				TARGETED_DEVICE_FAMILY = "1,2";
				TEST_HOST = "$(BUILT_PRODUCTS_DIR)/TOFileSystemObserverExample.app/TOFileSystemObserverExample";
			};
			name = Debug;
		};
		22C7FEAA23B5E70E0017CABD /* Release */ = {
			isa = XCBuildConfiguration;
			buildSettings = {
				BUNDLE_LOADER = "$(TEST_HOST)";
				CODE_SIGN_STYLE = Automatic;
				DEVELOPMENT_TEAM = 6LF3GMKZAB;
				INFOPLIST_FILE = TOFileSystemObserverTests/Info.plist;
				IPHONEOS_DEPLOYMENT_TARGET = 13.2;
				LD_RUNPATH_SEARCH_PATHS = (
					"$(inherited)",
					"@executable_path/Frameworks",
					"@loader_path/Frameworks",
				);
				PRODUCT_BUNDLE_IDENTIFIER = dev.tim.TOFileSystemObserverTests;
				PRODUCT_NAME = "$(TARGET_NAME)";
				TARGETED_DEVICE_FAMILY = "1,2";
				TEST_HOST = "$(BUILT_PRODUCTS_DIR)/TOFileSystemObserverExample.app/TOFileSystemObserverExample";
			};
			name = Release;
		};
/* End XCBuildConfiguration section */

/* Begin XCConfigurationList section */
		223A8933233F13C9008FFE1A /* Build configuration list for PBXProject "TOFileSystemObserverExample" */ = {
			isa = XCConfigurationList;
			buildConfigurations = (
				223A894F233F13CA008FFE1A /* Debug */,
				223A8950233F13CA008FFE1A /* Release */,
			);
			defaultConfigurationIsVisible = 0;
			defaultConfigurationName = Release;
		};
		223A8951233F13CB008FFE1A /* Build configuration list for PBXNativeTarget "TOFileSystemObserverExample" */ = {
			isa = XCConfigurationList;
			buildConfigurations = (
				223A8952233F13CB008FFE1A /* Debug */,
				223A8953233F13CB008FFE1A /* Release */,
			);
			defaultConfigurationIsVisible = 0;
			defaultConfigurationName = Release;
		};
		22C7FEA823B5E70E0017CABD /* Build configuration list for PBXNativeTarget "TOFileSystemObserverTests" */ = {
			isa = XCConfigurationList;
			buildConfigurations = (
				22C7FEA923B5E70E0017CABD /* Debug */,
				22C7FEAA23B5E70E0017CABD /* Release */,
			);
			defaultConfigurationIsVisible = 0;
			defaultConfigurationName = Release;
		};
/* End XCConfigurationList section */
	};
	rootObject = 223A8930233F13C9008FFE1A /* Project object */;
}
