PODS:
  - Realm (3.19.0):
    - Realm/Headers (= 3.19.0)
  - Realm/Headers (3.19.0)

DEPENDENCIES:
  - Realm

SPEC REPOS:
  https://cdn.cocoapods.org/:
    - Realm

SPEC CHECKSUMS:
  Realm: 995d585bcf699aaff226715886c849a29dd3d07f

PODFILE CHECKSUM: 3fa3cf033fdf0856f55fb75bfcdd258d82e13b4e

COCOAPODS: 1.8.1
